
Microsoft Visual Studio Solution File, Format Version 12.00
Project("{FAE04EC0-301F-11D3-BF4B-00C04F79EFBC}") = "Sacred.ItemViewer.Avalonia", "Sacred.ItemViewer.Avalonia\Sacred.ItemViewer.Avalonia.csproj", "{075D1DEE-CDE5-491E-8716-A73D01B0A4C1}"
EndProject
Project("{FAE04EC0-301F-11D3-BF4B-00C04F79EFBC}") = "SacredItemSimulator.TerminalTests", "SacredItemSimulator.TerminalTests\SacredItemSimulator.TerminalTests.csproj", "{88FB163C-E82C-4938-8414-C69E13A57DC6}"
EndProject
Project("{FAE04EC0-301F-11D3-BF4B-00C04F79EFBC}") = "Sacred.Engine", "Sacred.Engine\Sacred.Engine.csproj", "{E573A4D1-CF25-4F7C-B672-06BCF11E04ED}"
EndProject
Project("{FAE04EC0-301F-11D3-BF4B-00C04F79EFBC}") = "SacredEngineRemake", "SacredEngineRemake\SacredEngineRemake.csproj", "{D895268B-925B-493D-9EF3-F2ADBB1E6B3D}"
EndProject
Project("{FAE04EC0-301F-11D3-BF4B-00C04F79EFBC}") = "Sacred.Core", "Sacred.Core\Sacred.Core.csproj", "{A80BF4A8-D06B-41AE-BE8A-CCC6258F7ECB}"
EndProject
Project("{FAE04EC0-301F-11D3-BF4B-00C04F79EFBC}") = "Sacred.Core.Analyzer", "Sacred.Core.Analyzer\Sacred.Core.Analyzer.csproj", "{B62A8089-4623-4B38-83C8-256F3ED867A7}"
EndProject
Project("{FAE04EC0-301F-11D3-BF4B-00C04F79EFBC}") = "Sacred.Granny", "Sacred.Granny\Sacred.Granny.csproj", "{DC340E5E-BACD-4377-9432-55F6B05A509E}"
EndProject
Project("{FAE04EC0-301F-11D3-BF4B-00C04F79EFBC}") = "Sacred.Granny.Native.Worker", "Sacred.Granny.Native.Worker\Sacred.Granny.Native.Worker.csproj", "{B73E877C-2CA5-44AF-92B8-547D50ACDA4E}"
EndProject
Project("{FAE04EC0-301F-11D3-BF4B-00C04F79EFBC}") = "Sacred.Assets", "Sacred.Assets\Sacred.Assets.csproj", "{19ACAD73-137C-443E-B100-8D35A7503B8D}"
EndProject
Project("{FAE04EC0-301F-11D3-BF4B-00C04F79EFBC}") = "Sacred.Shaders", "Sacred.Shaders\Sacred.Shaders.csproj", "{C63F2891-59DD-4AB7-8EBE-FAA7101FC456}"
EndProject
Project("{FAE04EC0-301F-11D3-BF4B-00C04F79EFBC}") = "Sacred.Particles", "Sacred.Particles\Sacred.Particles.csproj", "{E4DB8C57-4293-4B5B-B3B0-71BC9E8FF453}"
EndProject
Project("{FAE04EC0-301F-11D3-BF4B-00C04F79EFBC}") = "Sacred.Inventory", "Sacred.Inventory\Sacred.Inventory.csproj", "{3FC2A839-B4C1-4A09-8053-BFF9C8A1A5E0}"
EndProject
Project("{FAE04EC0-301F-11D3-BF4B-00C04F79EFBC}") = "Sacred.World", "Sacred.World\Sacred.World.csproj", "{ED7EF921-84EE-40C7-BDD3-0F16D7843F39}"
EndProject
Project("{FAE04EC0-301F-11D3-BF4B-00C04F79EFBC}") = "Sacred.World.Renderer.Terminal", "Sacred.World.Renderer.Terminal\Sacred.World.Renderer.Terminal.csproj", "{5F879EAF-6F8E-4D62-8FD1-C1B3E38ADF0F}"
EndProject
Global
	GlobalSection(SolutionConfigurationPlatforms) = preSolution
		Debug|Any CPU = Debug|Any CPU
		Debug|x64 = Debug|x64
		Debug|x86 = Debug|x86
		Release|Any CPU = Release|Any CPU
		Release|x64 = Release|x64
		Release|x86 = Release|x86
	EndGlobalSection
	GlobalSection(ProjectConfigurationPlatforms) = postSolution
		{075D1DEE-CDE5-491E-8716-A73D01B0A4C1}.Debug|Any CPU.ActiveCfg = Debug|Any CPU
		{075D1DEE-CDE5-491E-8716-A73D01B0A4C1}.Debug|Any CPU.Build.0 = Debug|Any CPU
		{075D1DEE-CDE5-491E-8716-A73D01B0A4C1}.Debug|x64.ActiveCfg = Debug|Any CPU
		{075D1DEE-CDE5-491E-8716-A73D01B0A4C1}.Debug|x64.Build.0 = Debug|Any CPU
		{075D1DEE-CDE5-491E-8716-A73D01B0A4C1}.Debug|x86.ActiveCfg = Debug|Any CPU
		{075D1DEE-CDE5-491E-8716-A73D01B0A4C1}.Debug|x86.Build.0 = Debug|Any CPU
		{075D1DEE-CDE5-491E-8716-A73D01B0A4C1}.Release|Any CPU.ActiveCfg = Release|Any CPU
		{075D1DEE-CDE5-491E-8716-A73D01B0A4C1}.Release|Any CPU.Build.0 = Release|Any CPU
		{075D1DEE-CDE5-491E-8716-A73D01B0A4C1}.Release|x64.ActiveCfg = Release|Any CPU
		{075D1DEE-CDE5-491E-8716-A73D01B0A4C1}.Release|x64.Build.0 = Release|Any CPU
		{075D1DEE-CDE5-491E-8716-A73D01B0A4C1}.Release|x86.ActiveCfg = Release|Any CPU
		{075D1DEE-CDE5-491E-8716-A73D01B0A4C1}.Release|x86.Build.0 = Release|Any CPU
		{88FB163C-E82C-4938-8414-C69E13A57DC6}.Debug|Any CPU.ActiveCfg = Debug|Any CPU
		{88FB163C-E82C-4938-8414-C69E13A57DC6}.Debug|Any CPU.Build.0 = Debug|Any CPU
		{88FB163C-E82C-4938-8414-C69E13A57DC6}.Debug|x64.ActiveCfg = Debug|Any CPU
		{88FB163C-E82C-4938-8414-C69E13A57DC6}.Debug|x64.Build.0 = Debug|Any CPU
		{88FB163C-E82C-4938-8414-C69E13A57DC6}.Debug|x86.ActiveCfg = Debug|Any CPU
		{88FB163C-E82C-4938-8414-C69E13A57DC6}.Debug|x86.Build.0 = Debug|Any CPU
		{88FB163C-E82C-4938-8414-C69E13A57DC6}.Release|Any CPU.ActiveCfg = Release|Any CPU
		{88FB163C-E82C-4938-8414-C69E13A57DC6}.Release|Any CPU.Build.0 = Release|Any CPU
		{88FB163C-E82C-4938-8414-C69E13A57DC6}.Release|x64.ActiveCfg = Release|Any CPU
		{88FB163C-E82C-4938-8414-C69E13A57DC6}.Release|x64.Build.0 = Release|Any CPU
		{88FB163C-E82C-4938-8414-C69E13A57DC6}.Release|x86.ActiveCfg = Release|Any CPU
		{88FB163C-E82C-4938-8414-C69E13A57DC6}.Release|x86.Build.0 = Release|Any CPU
		{E573A4D1-CF25-4F7C-B672-06BCF11E04ED}.Debug|Any CPU.ActiveCfg = Debug|Any CPU
		{E573A4D1-CF25-4F7C-B672-06BCF11E04ED}.Debug|Any CPU.Build.0 = Debug|Any CPU
		{E573A4D1-CF25-4F7C-B672-06BCF11E04ED}.Debug|x64.ActiveCfg = Debug|Any CPU
		{E573A4D1-CF25-4F7C-B672-06BCF11E04ED}.Debug|x64.Build.0 = Debug|Any CPU
		{E573A4D1-CF25-4F7C-B672-06BCF11E04ED}.Debug|x86.ActiveCfg = Debug|Any CPU
		{E573A4D1-CF25-4F7C-B672-06BCF11E04ED}.Debug|x86.Build.0 = Debug|Any CPU
		{E573A4D1-CF25-4F7C-B672-06BCF11E04ED}.Release|Any CPU.ActiveCfg = Release|Any CPU
		{E573A4D1-CF25-4F7C-B672-06BCF11E04ED}.Release|Any CPU.Build.0 = Release|Any CPU
		{E573A4D1-CF25-4F7C-B672-06BCF11E04ED}.Release|x64.ActiveCfg = Release|Any CPU
		{E573A4D1-CF25-4F7C-B672-06BCF11E04ED}.Release|x64.Build.0 = Release|Any CPU
		{E573A4D1-CF25-4F7C-B672-06BCF11E04ED}.Release|x86.ActiveCfg = Release|Any CPU
		{E573A4D1-CF25-4F7C-B672-06BCF11E04ED}.Release|x86.Build.0 = Release|Any CPU
		{D895268B-925B-493D-9EF3-F2ADBB1E6B3D}.Debug|Any CPU.ActiveCfg = Debug|Any CPU
		{D895268B-925B-493D-9EF3-F2ADBB1E6B3D}.Debug|Any CPU.Build.0 = Debug|Any CPU
		{D895268B-925B-493D-9EF3-F2ADBB1E6B3D}.Debug|x64.ActiveCfg = Debug|Any CPU
		{D895268B-925B-493D-9EF3-F2ADBB1E6B3D}.Debug|x64.Build.0 = Debug|Any CPU
		{D895268B-925B-493D-9EF3-F2ADBB1E6B3D}.Debug|x86.ActiveCfg = Debug|Any CPU
		{D895268B-925B-493D-9EF3-F2ADBB1E6B3D}.Debug|x86.Build.0 = Debug|Any CPU
		{D895268B-925B-493D-9EF3-F2ADBB1E6B3D}.Release|Any CPU.ActiveCfg = Release|Any CPU
		{D895268B-925B-493D-9EF3-F2ADBB1E6B3D}.Release|Any CPU.Build.0 = Release|Any CPU
		{D895268B-925B-493D-9EF3-F2ADBB1E6B3D}.Release|x64.ActiveCfg = Release|Any CPU
		{D895268B-925B-493D-9EF3-F2ADBB1E6B3D}.Release|x64.Build.0 = Release|Any CPU
		{D895268B-925B-493D-9EF3-F2ADBB1E6B3D}.Release|x86.ActiveCfg = Release|Any CPU
		{D895268B-925B-493D-9EF3-F2ADBB1E6B3D}.Release|x86.Build.0 = Release|Any CPU
		{A80BF4A8-D06B-41AE-BE8A-CCC6258F7ECB}.Debug|Any CPU.ActiveCfg = Debug|Any CPU
		{A80BF4A8-D06B-41AE-BE8A-CCC6258F7ECB}.Debug|Any CPU.Build.0 = Debug|Any CPU
		{A80BF4A8-D06B-41AE-BE8A-CCC6258F7ECB}.Debug|x64.ActiveCfg = Debug|Any CPU
		{A80BF4A8-D06B-41AE-BE8A-CCC6258F7ECB}.Debug|x64.Build.0 = Debug|Any CPU
		{A80BF4A8-D06B-41AE-BE8A-CCC6258F7ECB}.Debug|x86.ActiveCfg = Debug|Any CPU
		{A80BF4A8-D06B-41AE-BE8A-CCC6258F7ECB}.Debug|x86.Build.0 = Debug|Any CPU
		{A80BF4A8-D06B-41AE-BE8A-CCC6258F7ECB}.Release|Any CPU.ActiveCfg = Release|Any CPU
		{A80BF4A8-D06B-41AE-BE8A-CCC6258F7ECB}.Release|Any CPU.Build.0 = Release|Any CPU
		{A80BF4A8-D06B-41AE-BE8A-CCC6258F7ECB}.Release|x64.ActiveCfg = Release|Any CPU
		{A80BF4A8-D06B-41AE-BE8A-CCC6258F7ECB}.Release|x64.Build.0 = Release|Any CPU
		{A80BF4A8-D06B-41AE-BE8A-CCC6258F7ECB}.Release|x86.ActiveCfg = Release|Any CPU
		{A80BF4A8-D06B-41AE-BE8A-CCC6258F7ECB}.Release|x86.Build.0 = Release|Any CPU
		{B62A8089-4623-4B38-83C8-256F3ED867A7}.Debug|Any CPU.ActiveCfg = Debug|Any CPU
		{B62A8089-4623-4B38-83C8-256F3ED867A7}.Debug|Any CPU.Build.0 = Debug|Any CPU
		{B62A8089-4623-4B38-83C8-256F3ED867A7}.Debug|x64.ActiveCfg = Debug|Any CPU
		{B62A8089-4623-4B38-83C8-256F3ED867A7}.Debug|x64.Build.0 = Debug|Any CPU
		{B62A8089-4623-4B38-83C8-256F3ED867A7}.Debug|x86.ActiveCfg = Debug|Any CPU
		{B62A8089-4623-4B38-83C8-256F3ED867A7}.Debug|x86.Build.0 = Debug|Any CPU
		{B62A8089-4623-4B38-83C8-256F3ED867A7}.Release|Any CPU.ActiveCfg = Release|Any CPU
		{B62A8089-4623-4B38-83C8-256F3ED867A7}.Release|Any CPU.Build.0 = Release|Any CPU
		{B62A8089-4623-4B38-83C8-256F3ED867A7}.Release|x64.ActiveCfg = Release|Any CPU
		{B62A8089-4623-4B38-83C8-256F3ED867A7}.Release|x64.Build.0 = Release|Any CPU
		{B62A8089-4623-4B38-83C8-256F3ED867A7}.Release|x86.ActiveCfg = Release|Any CPU
		{B62A8089-4623-4B38-83C8-256F3ED867A7}.Release|x86.Build.0 = Release|Any CPU
		{DC340E5E-BACD-4377-9432-55F6B05A509E}.Debug|Any CPU.ActiveCfg = Debug|Any CPU
		{DC340E5E-BACD-4377-9432-55F6B05A509E}.Debug|Any CPU.Build.0 = Debug|Any CPU
		{DC340E5E-BACD-4377-9432-55F6B05A509E}.Debug|x64.ActiveCfg = Debug|Any CPU
		{DC340E5E-BACD-4377-9432-55F6B05A509E}.Debug|x64.Build.0 = Debug|Any CPU
		{DC340E5E-BACD-4377-9432-55F6B05A509E}.Debug|x86.ActiveCfg = Debug|Any CPU
		{DC340E5E-BACD-4377-9432-55F6B05A509E}.Debug|x86.Build.0 = Debug|Any CPU
		{DC340E5E-BACD-4377-9432-55F6B05A509E}.Release|Any CPU.ActiveCfg = Release|Any CPU
		{DC340E5E-BACD-4377-9432-55F6B05A509E}.Release|Any CPU.Build.0 = Release|Any CPU
		{DC340E5E-BACD-4377-9432-55F6B05A509E}.Release|x64.ActiveCfg = Release|Any CPU
		{DC340E5E-BACD-4377-9432-55F6B05A509E}.Release|x64.Build.0 = Release|Any CPU
		{DC340E5E-BACD-4377-9432-55F6B05A509E}.Release|x86.ActiveCfg = Release|Any CPU
		{DC340E5E-BACD-4377-9432-55F6B05A509E}.Release|x86.Build.0 = Release|Any CPU
		{B73E877C-2CA5-44AF-92B8-547D50ACDA4E}.Debug|Any CPU.ActiveCfg = Debug|Any CPU
		{B73E877C-2CA5-44AF-92B8-547D50ACDA4E}.Debug|Any CPU.Build.0 = Debug|Any CPU
		{B73E877C-2CA5-44AF-92B8-547D50ACDA4E}.Debug|x64.ActiveCfg = Debug|Any CPU
		{B73E877C-2CA5-44AF-92B8-547D50ACDA4E}.Debug|x64.Build.0 = Debug|Any CPU
		{B73E877C-2CA5-44AF-92B8-547D50ACDA4E}.Debug|x86.ActiveCfg = Debug|Any CPU
		{B73E877C-2CA5-44AF-92B8-547D50ACDA4E}.Debug|x86.Build.0 = Debug|Any CPU
		{B73E877C-2CA5-44AF-92B8-547D50ACDA4E}.Release|Any CPU.ActiveCfg = Release|Any CPU
		{B73E877C-2CA5-44AF-92B8-547D50ACDA4E}.Release|Any CPU.Build.0 = Release|Any CPU
		{B73E877C-2CA5-44AF-92B8-547D50ACDA4E}.Release|x64.ActiveCfg = Release|Any CPU
		{B73E877C-2CA5-44AF-92B8-547D50ACDA4E}.Release|x64.Build.0 = Release|Any CPU
		{B73E877C-2CA5-44AF-92B8-547D50ACDA4E}.Release|x86.ActiveCfg = Release|Any CPU
		{B73E877C-2CA5-44AF-92B8-547D50ACDA4E}.Release|x86.Build.0 = Release|Any CPU
		{19ACAD73-137C-443E-B100-8D35A7503B8D}.Debug|Any CPU.ActiveCfg = Debug|Any CPU
		{19ACAD73-137C-443E-B100-8D35A7503B8D}.Debug|Any CPU.Build.0 = Debug|Any CPU
		{19ACAD73-137C-443E-B100-8D35A7503B8D}.Debug|x64.ActiveCfg = Debug|Any CPU
		{19ACAD73-137C-443E-B100-8D35A7503B8D}.Debug|x64.Build.0 = Debug|Any CPU
		{19ACAD73-137C-443E-B100-8D35A7503B8D}.Debug|x86.ActiveCfg = Debug|Any CPU
		{19ACAD73-137C-443E-B100-8D35A7503B8D}.Debug|x86.Build.0 = Debug|Any CPU
		{19ACAD73-137C-443E-B100-8D35A7503B8D}.Release|Any CPU.ActiveCfg = Release|Any CPU
		{19ACAD73-137C-443E-B100-8D35A7503B8D}.Release|Any CPU.Build.0 = Release|Any CPU
		{19ACAD73-137C-443E-B100-8D35A7503B8D}.Release|x64.ActiveCfg = Release|Any CPU
		{19ACAD73-137C-443E-B100-8D35A7503B8D}.Release|x64.Build.0 = Release|Any CPU
		{19ACAD73-137C-443E-B100-8D35A7503B8D}.Release|x86.ActiveCfg = Release|Any CPU
		{19ACAD73-137C-443E-B100-8D35A7503B8D}.Release|x86.Build.0 = Release|Any CPU
		{C63F2891-59DD-4AB7-8EBE-FAA7101FC456}.Debug|Any CPU.ActiveCfg = Debug|Any CPU
		{C63F2891-59DD-4AB7-8EBE-FAA7101FC456}.Debug|Any CPU.Build.0 = Debug|Any CPU
		{C63F2891-59DD-4AB7-8EBE-FAA7101FC456}.Debug|x64.ActiveCfg = Debug|Any CPU
		{C63F2891-59DD-4AB7-8EBE-FAA7101FC456}.Debug|x64.Build.0 = Debug|Any CPU
		{C63F2891-59DD-4AB7-8EBE-FAA7101FC456}.Debug|x86.ActiveCfg = Debug|Any CPU
		{C63F2891-59DD-4AB7-8EBE-FAA7101FC456}.Debug|x86.Build.0 = Debug|Any CPU
		{C63F2891-59DD-4AB7-8EBE-FAA7101FC456}.Release|Any CPU.ActiveCfg = Release|Any CPU
		{C63F2891-59DD-4AB7-8EBE-FAA7101FC456}.Release|Any CPU.Build.0 = Release|Any CPU
		{C63F2891-59DD-4AB7-8EBE-FAA7101FC456}.Release|x64.ActiveCfg = Release|Any CPU
		{C63F2891-59DD-4AB7-8EBE-FAA7101FC456}.Release|x64.Build.0 = Release|Any CPU
		{C63F2891-59DD-4AB7-8EBE-FAA7101FC456}.Release|x86.ActiveCfg = Release|Any CPU
		{C63F2891-59DD-4AB7-8EBE-FAA7101FC456}.Release|x86.Build.0 = Release|Any CPU
		{E4DB8C57-4293-4B5B-B3B0-71BC9E8FF453}.Debug|Any CPU.ActiveCfg = Debug|Any CPU
		{E4DB8C57-4293-4B5B-B3B0-71BC9E8FF453}.Debug|Any CPU.Build.0 = Debug|Any CPU
		{E4DB8C57-4293-4B5B-B3B0-71BC9E8FF453}.Debug|x64.ActiveCfg = Debug|Any CPU
		{E4DB8C57-4293-4B5B-B3B0-71BC9E8FF453}.Debug|x64.Build.0 = Debug|Any CPU
		{E4DB8C57-4293-4B5B-B3B0-71BC9E8FF453}.Debug|x86.ActiveCfg = Debug|Any CPU
		{E4DB8C57-4293-4B5B-B3B0-71BC9E8FF453}.Debug|x86.Build.0 = Debug|Any CPU
		{E4DB8C57-4293-4B5B-B3B0-71BC9E8FF453}.Release|Any CPU.ActiveCfg = Release|Any CPU
		{E4DB8C57-4293-4B5B-B3B0-71BC9E8FF453}.Release|Any CPU.Build.0 = Release|Any CPU
		{E4DB8C57-4293-4B5B-B3B0-71BC9E8FF453}.Release|x64.ActiveCfg = Release|Any CPU
		{E4DB8C57-4293-4B5B-B3B0-71BC9E8FF453}.Release|x64.Build.0 = Release|Any CPU
		{E4DB8C57-4293-4B5B-B3B0-71BC9E8FF453}.Release|x86.ActiveCfg = Release|Any CPU
		{E4DB8C57-4293-4B5B-B3B0-71BC9E8FF453}.Release|x86.Build.0 = Release|Any CPU
		{3FC2A839-B4C1-4A09-8053-BFF9C8A1A5E0}.Debug|Any CPU.ActiveCfg = Debug|Any CPU
		{3FC2A839-B4C1-4A09-8053-BFF9C8A1A5E0}.Debug|Any CPU.Build.0 = Debug|Any CPU
		{3FC2A839-B4C1-4A09-8053-BFF9C8A1A5E0}.Debug|x64.ActiveCfg = Debug|Any CPU
		{3FC2A839-B4C1-4A09-8053-BFF9C8A1A5E0}.Debug|x64.Build.0 = Debug|Any CPU
		{3FC2A839-B4C1-4A09-8053-BFF9C8A1A5E0}.Debug|x86.ActiveCfg = Debug|Any CPU
		{3FC2A839-B4C1-4A09-8053-BFF9C8A1A5E0}.Debug|x86.Build.0 = Debug|Any CPU
		{3FC2A839-B4C1-4A09-8053-BFF9C8A1A5E0}.Release|Any CPU.ActiveCfg = Release|Any CPU
		{3FC2A839-B4C1-4A09-8053-BFF9C8A1A5E0}.Release|Any CPU.Build.0 = Release|Any CPU
		{3FC2A839-B4C1-4A09-8053-BFF9C8A1A5E0}.Release|x64.ActiveCfg = Release|Any CPU
		{3FC2A839-B4C1-4A09-8053-BFF9C8A1A5E0}.Release|x64.Build.0 = Release|Any CPU
		{3FC2A839-B4C1-4A09-8053-BFF9C8A1A5E0}.Release|x86.ActiveCfg = Release|Any CPU
		{3FC2A839-B4C1-4A09-8053-BFF9C8A1A5E0}.Release|x86.Build.0 = Release|Any CPU
		{ED7EF921-84EE-40C7-BDD3-0F16D7843F39}.Debug|Any CPU.ActiveCfg = Debug|Any CPU
		{ED7EF921-84EE-40C7-BDD3-0F16D7843F39}.Debug|Any CPU.Build.0 = Debug|Any CPU
		{ED7EF921-84EE-40C7-BDD3-0F16D7843F39}.Debug|x64.ActiveCfg = Debug|Any CPU
		{ED7EF921-84EE-40C7-BDD3-0F16D7843F39}.Debug|x64.Build.0 = Debug|Any CPU
		{ED7EF921-84EE-40C7-BDD3-0F16D7843F39}.Debug|x86.ActiveCfg = Debug|Any CPU
		{ED7EF921-84EE-40C7-BDD3-0F16D7843F39}.Debug|x86.Build.0 = Debug|Any CPU
		{ED7EF921-84EE-40C7-BDD3-0F16D7843F39}.Release|Any CPU.ActiveCfg = Release|Any CPU
		{ED7EF921-84EE-40C7-BDD3-0F16D7843F39}.Release|Any CPU.Build.0 = Release|Any CPU
		{ED7EF921-84EE-40C7-BDD3-0F16D7843F39}.Release|x64.ActiveCfg = Release|Any CPU
		{ED7EF921-84EE-40C7-BDD3-0F16D7843F39}.Release|x64.Build.0 = Release|Any CPU
		{ED7EF921-84EE-40C7-BDD3-0F16D7843F39}.Release|x86.ActiveCfg = Release|Any CPU
		{ED7EF921-84EE-40C7-BDD3-0F16D7843F39}.Release|x86.Build.0 = Release|Any CPU
		{5F879EAF-6F8E-4D62-8FD1-C1B3E38ADF0F}.Debug|Any CPU.ActiveCfg = Debug|Any CPU
		{5F879EAF-6F8E-4D62-8FD1-C1B3E38ADF0F}.Debug|Any CPU.Build.0 = Debug|Any CPU
		{5F879EAF-6F8E-4D62-8FD1-C1B3E38ADF0F}.Debug|x64.ActiveCfg = Debug|Any CPU
		{5F879EAF-6F8E-4D62-8FD1-C1B3E38ADF0F}.Debug|x64.Build.0 = Debug|Any CPU
		{5F879EAF-6F8E-4D62-8FD1-C1B3E38ADF0F}.Debug|x86.ActiveCfg = Debug|Any CPU
		{5F879EAF-6F8E-4D62-8FD1-C1B3E38ADF0F}.Debug|x86.Build.0 = Debug|Any CPU
		{5F879EAF-6F8E-4D62-8FD1-C1B3E38ADF0F}.Release|Any CPU.ActiveCfg = Release|Any CPU
		{5F879EAF-6F8E-4D62-8FD1-C1B3E38ADF0F}.Release|Any CPU.Build.0 = Release|Any CPU
		{5F879EAF-6F8E-4D62-8FD1-C1B3E38ADF0F}.Release|x64.ActiveCfg = Release|Any CPU
		{5F879EAF-6F8E-4D62-8FD1-C1B3E38ADF0F}.Release|x64.Build.0 = Release|Any CPU
		{5F879EAF-6F8E-4D62-8FD1-C1B3E38ADF0F}.Release|x86.ActiveCfg = Release|Any CPU
		{5F879EAF-6F8E-4D62-8FD1-C1B3E38ADF0F}.Release|x86.Build.0 = Release|Any CPU
	EndGlobalSection
	GlobalSection(SolutionProperties) = preSolution
		HideSolutionNode = FALSE
	EndGlobalSection
EndGlobal
